
Microsoft Visual Studio Solution File, Format Version 12.00
# Visual Studio 15
VisualStudioVersion = 15.0.26730.16
MinimumVisualStudioVersion = 10.0.40219.1
Project("{8BC9CEB8-8B4A-11D0-8D11-00A0C91BC942}") = "Infinite", "Infinite\Infinite.vcxproj", "{F46EF3BB-3476-4E0F-9B1F-7FFE095CD45C}"
EndProject
Project("{8BC9CEB8-8B4A-11D0-8D11-00A0C91BC942}") = "SoundTest", "SoundTest\SoundTest.vcxproj", "{90067B1F-8311-472C-BBCA-EFA57BC8572A}"
EndProject
Global
	GlobalSection(SolutionConfigurationPlatforms) = preSolution
		Debug|x64 = Debug|x64
		Debug|x86 = Debug|x86
		Release|x64 = Release|x64
		Release|x86 = Release|x86
	EndGlobalSection
	GlobalSection(ProjectConfigurationPlatforms) = postSolution
		{F46EF3BB-3476-4E0F-9B1F-7FFE095CD45C}.Debug|x64.ActiveCfg = Debug|x64
		{F46EF3BB-3476-4E0F-9B1F-7FFE095CD45C}.Debug|x64.Build.0 = Debug|x64
		{F46EF3BB-3476-4E0F-9B1F-7FFE095CD45C}.Debug|x86.ActiveCfg = Debug|Win32
		{F46EF3BB-3476-4E0F-9B1F-7FFE095CD45C}.Debug|x86.Build.0 = Debug|Win32
		{F46EF3BB-3476-4E0F-9B1F-7FFE095CD45C}.Release|x64.ActiveCfg = Release|x64
		{F46EF3BB-3476-4E0F-9B1F-7FFE095CD45C}.Release|x64.Build.0 = Release|x64
		{F46EF3BB-3476-4E0F-9B1F-7FFE095CD45C}.Release|x86.ActiveCfg = Release|Win32
		{F46EF3BB-3476-4E0F-9B1F-7FFE095CD45C}.Release|x86.Build.0 = Release|Win32
		{90067B1F-8311-472C-BBCA-EFA57BC8572A}.Debug|x64.ActiveCfg = Debug|x64
		{90067B1F-8311-472C-BBCA-EFA57BC8572A}.Debug|x64.Build.0 = Debug|x64
		{90067B1F-8311-472C-BBCA-EFA57BC8572A}.Debug|x86.ActiveCfg = Debug|Win32
		{90067B1F-8311-472C-BBCA-EFA57BC8572A}.Debug|x86.Build.0 = Debug|Win32
		{90067B1F-8311-472C-BBCA-EFA57BC8572A}.Release|x64.ActiveCfg = Release|x64
		{90067B1F-8311-472C-BBCA-EFA57BC8572A}.Release|x64.Build.0 = Release|x64
		{90067B1F-8311-472C-BBCA-EFA57BC8572A}.Release|x86.ActiveCfg = Release|Win32
		{90067B1F-8311-472C-BBCA-EFA57BC8572A}.Release|x86.Build.0 = Release|Win32
	EndGlobalSection
	GlobalSection(SolutionProperties) = preSolution
		HideSolutionNode = FALSE
	EndGlobalSection
	GlobalSection(ExtensibilityGlobals) = postSolution
		SolutionGuid = {E407DF61-0B7B-4C62-A5D0-E1A21E872C8A}
	EndGlobalSection
EndGlobal
