
Microsoft Visual Studio Solution File, Format Version 12.00
# Visual Studio 15
VisualStudioVersion = 15.0.26730.16
MinimumVisualStudioVersion = 10.0.40219.1
Project("{2150E333-8FDC-42A3-9474-1A3956D46DE8}") = "sproject", "sproject", "{5FDCF309-0A9A-4DBC-931F-D44D400887F6}"
EndProject
Project("{2150E333-8FDC-42A3-9474-1A3956D46DE8}") = "sengine", "sengine", "{88C98425-D6D0-4EF9-A775-E6B5E2B93C0E}"
EndProject
Project("{8BC9CEB8-8B4A-11D0-8D11-00A0C91BC942}") = "INFINITE", "sproject\INFINITE\INFINITE.vcxproj", "{F46EF3BB-3476-4E0F-9B1F-7FFE095CD45C}"
	ProjectSection(ProjectDependencies) = postProject
		{02FD3233-75CC-4DD4-8EF2-0AE2670642A8} = {02FD3233-75CC-4DD4-8EF2-0AE2670642A8}
		{2A5DBCF2-FA2D-4125-8902-EAB8FD3D1C93} = {2A5DBCF2-FA2D-4125-8902-EAB8FD3D1C93}
	EndProjectSection
EndProject
Project("{8BC9CEB8-8B4A-11D0-8D11-00A0C91BC942}") = "AudioEngine", "sengine\AudioEngine\AudioEngine.vcxproj", "{F540D069-97E8-421F-8A0B-FA9290487D3B}"
	ProjectSection(ProjectDependencies) = postProject
		{14C09E01-7952-4808-A3F6-649B3DB19171} = {14C09E01-7952-4808-A3F6-649B3DB19171}
	EndProjectSection
EndProject
Project("{8BC9CEB8-8B4A-11D0-8D11-00A0C91BC942}") = "RenderEngine", "sengine\RenderEngine\RenderEngine.vcxproj", "{02FD3233-75CC-4DD4-8EF2-0AE2670642A8}"
EndProject
Project("{8BC9CEB8-8B4A-11D0-8D11-00A0C91BC942}") = "GLRenderer", "sengine\GLRenderer\GLRenderer.vcxproj", "{2A5DBCF2-FA2D-4125-8902-EAB8FD3D1C93}"
EndProject
Project("{8BC9CEB8-8B4A-11D0-8D11-00A0C91BC942}") = "DXRenderer", "sengine\DXRenderer\DXRenderer.vcxproj", "{561FDDC9-1D85-4639-90BD-383880BA17D8}"
EndProject
Project("{8BC9CEB8-8B4A-11D0-8D11-00A0C91BC942}") = "Common", "sengine\Common\Common.vcxproj", "{14C09E01-7952-4808-A3F6-649B3DB19171}"
EndProject
Global
	GlobalSection(SolutionConfigurationPlatforms) = preSolution
		Debug|x64 = Debug|x64
		Debug|x86 = Debug|x86
		Release|x64 = Release|x64
		Release|x86 = Release|x86
	EndGlobalSection
	GlobalSection(ProjectConfigurationPlatforms) = postSolution
		{F46EF3BB-3476-4E0F-9B1F-7FFE095CD45C}.Debug|x64.ActiveCfg = Debug|x64
		{F46EF3BB-3476-4E0F-9B1F-7FFE095CD45C}.Debug|x64.Build.0 = Debug|x64
		{F46EF3BB-3476-4E0F-9B1F-7FFE095CD45C}.Debug|x86.ActiveCfg = Debug|Win32
		{F46EF3BB-3476-4E0F-9B1F-7FFE095CD45C}.Debug|x86.Build.0 = Debug|Win32
		{F46EF3BB-3476-4E0F-9B1F-7FFE095CD45C}.Release|x64.ActiveCfg = Release|x64
		{F46EF3BB-3476-4E0F-9B1F-7FFE095CD45C}.Release|x64.Build.0 = Release|x64
		{F46EF3BB-3476-4E0F-9B1F-7FFE095CD45C}.Release|x86.ActiveCfg = Release|Win32
		{F46EF3BB-3476-4E0F-9B1F-7FFE095CD45C}.Release|x86.Build.0 = Release|Win32
		{F540D069-97E8-421F-8A0B-FA9290487D3B}.Debug|x64.ActiveCfg = Debug|x64
		{F540D069-97E8-421F-8A0B-FA9290487D3B}.Debug|x64.Build.0 = Debug|x64
		{F540D069-97E8-421F-8A0B-FA9290487D3B}.Debug|x86.ActiveCfg = Debug|Win32
		{F540D069-97E8-421F-8A0B-FA9290487D3B}.Debug|x86.Build.0 = Debug|Win32
		{F540D069-97E8-421F-8A0B-FA9290487D3B}.Release|x64.ActiveCfg = Release|x64
		{F540D069-97E8-421F-8A0B-FA9290487D3B}.Release|x64.Build.0 = Release|x64
		{F540D069-97E8-421F-8A0B-FA9290487D3B}.Release|x86.ActiveCfg = Release|Win32
		{F540D069-97E8-421F-8A0B-FA9290487D3B}.Release|x86.Build.0 = Release|Win32
		{02FD3233-75CC-4DD4-8EF2-0AE2670642A8}.Debug|x64.ActiveCfg = Debug|x64
		{02FD3233-75CC-4DD4-8EF2-0AE2670642A8}.Debug|x64.Build.0 = Debug|x64
		{02FD3233-75CC-4DD4-8EF2-0AE2670642A8}.Debug|x86.ActiveCfg = Debug|Win32
		{02FD3233-75CC-4DD4-8EF2-0AE2670642A8}.Debug|x86.Build.0 = Debug|Win32
		{02FD3233-75CC-4DD4-8EF2-0AE2670642A8}.Release|x64.ActiveCfg = Release|x64
		{02FD3233-75CC-4DD4-8EF2-0AE2670642A8}.Release|x64.Build.0 = Release|x64
		{02FD3233-75CC-4DD4-8EF2-0AE2670642A8}.Release|x86.ActiveCfg = Release|Win32
		{02FD3233-75CC-4DD4-8EF2-0AE2670642A8}.Release|x86.Build.0 = Release|Win32
		{2A5DBCF2-FA2D-4125-8902-EAB8FD3D1C93}.Debug|x64.ActiveCfg = Debug|x64
		{2A5DBCF2-FA2D-4125-8902-EAB8FD3D1C93}.Debug|x64.Build.0 = Debug|x64
		{2A5DBCF2-FA2D-4125-8902-EAB8FD3D1C93}.Debug|x86.ActiveCfg = Debug|Win32
		{2A5DBCF2-FA2D-4125-8902-EAB8FD3D1C93}.Debug|x86.Build.0 = Debug|Win32
		{2A5DBCF2-FA2D-4125-8902-EAB8FD3D1C93}.Release|x64.ActiveCfg = Release|x64
		{2A5DBCF2-FA2D-4125-8902-EAB8FD3D1C93}.Release|x64.Build.0 = Release|x64
		{2A5DBCF2-FA2D-4125-8902-EAB8FD3D1C93}.Release|x86.ActiveCfg = Release|Win32
		{2A5DBCF2-FA2D-4125-8902-EAB8FD3D1C93}.Release|x86.Build.0 = Release|Win32
		{561FDDC9-1D85-4639-90BD-383880BA17D8}.Debug|x64.ActiveCfg = Debug|x64
		{561FDDC9-1D85-4639-90BD-383880BA17D8}.Debug|x64.Build.0 = Debug|x64
		{561FDDC9-1D85-4639-90BD-383880BA17D8}.Debug|x86.ActiveCfg = Debug|Win32
		{561FDDC9-1D85-4639-90BD-383880BA17D8}.Debug|x86.Build.0 = Debug|Win32
		{561FDDC9-1D85-4639-90BD-383880BA17D8}.Release|x64.ActiveCfg = Release|x64
		{561FDDC9-1D85-4639-90BD-383880BA17D8}.Release|x64.Build.0 = Release|x64
		{561FDDC9-1D85-4639-90BD-383880BA17D8}.Release|x86.ActiveCfg = Release|Win32
		{561FDDC9-1D85-4639-90BD-383880BA17D8}.Release|x86.Build.0 = Release|Win32
		{14C09E01-7952-4808-A3F6-649B3DB19171}.Debug|x64.ActiveCfg = Debug|x64
		{14C09E01-7952-4808-A3F6-649B3DB19171}.Debug|x64.Build.0 = Debug|x64
		{14C09E01-7952-4808-A3F6-649B3DB19171}.Debug|x86.ActiveCfg = Debug|Win32
		{14C09E01-7952-4808-A3F6-649B3DB19171}.Debug|x86.Build.0 = Debug|Win32
		{14C09E01-7952-4808-A3F6-649B3DB19171}.Release|x64.ActiveCfg = Release|x64
		{14C09E01-7952-4808-A3F6-649B3DB19171}.Release|x64.Build.0 = Release|x64
		{14C09E01-7952-4808-A3F6-649B3DB19171}.Release|x86.ActiveCfg = Release|Win32
		{14C09E01-7952-4808-A3F6-649B3DB19171}.Release|x86.Build.0 = Release|Win32
	EndGlobalSection
	GlobalSection(SolutionProperties) = preSolution
		HideSolutionNode = FALSE
	EndGlobalSection
	GlobalSection(NestedProjects) = preSolution
		{F46EF3BB-3476-4E0F-9B1F-7FFE095CD45C} = {5FDCF309-0A9A-4DBC-931F-D44D400887F6}
		{F540D069-97E8-421F-8A0B-FA9290487D3B} = {88C98425-D6D0-4EF9-A775-E6B5E2B93C0E}
		{02FD3233-75CC-4DD4-8EF2-0AE2670642A8} = {88C98425-D6D0-4EF9-A775-E6B5E2B93C0E}
		{2A5DBCF2-FA2D-4125-8902-EAB8FD3D1C93} = {88C98425-D6D0-4EF9-A775-E6B5E2B93C0E}
		{561FDDC9-1D85-4639-90BD-383880BA17D8} = {88C98425-D6D0-4EF9-A775-E6B5E2B93C0E}
		{14C09E01-7952-4808-A3F6-649B3DB19171} = {88C98425-D6D0-4EF9-A775-E6B5E2B93C0E}
	EndGlobalSection
	GlobalSection(ExtensibilityGlobals) = postSolution
		SolutionGuid = {F04F3685-C024-46FC-9DF9-338E6264F303}
	EndGlobalSection
EndGlobal
