<?xml version="1.0" encoding="utf-8"?>
<Project ToolsVersion="4.0" xmlns="http://schemas.microsoft.com/developer/msbuild/2003">
  <ItemGroup>
    <Filter Include="Source Files">
      <UniqueIdentifier>{3453ed1b-4581-4ec0-a7fb-130a4ac1c556}</UniqueIdentifier>
    </Filter>
    <Filter Include="Source Files\Common">
      <UniqueIdentifier>{58571b5d-c258-477a-84bc-729d97475364}</UniqueIdentifier>
    </Filter>
    <Filter Include="Source Files\RenderEngine">
      <UniqueIdentifier>{1f1883f9-43a4-4cf8-8b6c-c793069f749b}</UniqueIdentifier>
    </Filter>
  </ItemGroup>
  <ItemGroup>
    <ClInclude Include="Source\DisplayDevice.h">
      <Filter>Source Files\RenderEngine</Filter>
    </ClInclude>
    <ClInclude Include="Source\RenderEngineConfig.h">
      <Filter>Source Files\RenderEngine</Filter>
    </ClInclude>
    <ClInclude Include="Source\Platform.h">
      <Filter>Source Files\Common</Filter>
    </ClInclude>
    <ClInclude Include="Source\RenderEngineCommon.h">
      <Filter>Source Files\Common</Filter>
    </ClInclude>
    <ClInclude Include="Source\RenderEngine.h">
      <Filter>Source Files\RenderEngine</Filter>
    </ClInclude>
    <ClInclude Include="Source\RenderEngineInterface.h">
      <Filter>Source Files</Filter>
    </ClInclude>
    <ClInclude Include="Source\RenderEngineExport.h">
      <Filter>Source Files\Common</Filter>
    </ClInclude>
    <ClInclude Include="Source\BaseRenderer.h">
      <Filter>Source Files\RenderEngine</Filter>
    </ClInclude>
  </ItemGroup>
  <ItemGroup>
    <ClCompile Include="Source\DisplayDevice.cpp">
      <Filter>Source Files\RenderEngine</Filter>
    </ClCompile>
    <ClCompile Include="Source\RenderEngineConfig.cpp">
      <Filter>Source Files\RenderEngine</Filter>
    </ClCompile>
    <ClCompile Include="Source\RenderEngine.cpp">
      <Filter>Source Files\RenderEngine</Filter>
    </ClCompile>
    <ClCompile Include="Source\RenderEngineInterface.cpp">
      <Filter>Source Files</Filter>
    </ClCompile>
  </ItemGroup>
</Project>