<?xml version="1.0" encoding="utf-8"?>
<Project ToolsVersion="4.0" xmlns="http://schemas.microsoft.com/developer/msbuild/2003">
  <ItemGroup>
    <Filter Include="Source Files">
      <UniqueIdentifier>{cca70231-036f-4d43-8e36-3098e814d2ac}</UniqueIdentifier>
    </Filter>
    <Filter Include="Shader Files">
      <UniqueIdentifier>{8d45820c-8e69-4cf7-9643-b866a96a8edc}</UniqueIdentifier>
    </Filter>
    <Filter Include="Source Files\OpenGL">
      <UniqueIdentifier>{29f6b03f-d19a-4354-a304-9c3335cf77e1}</UniqueIdentifier>
    </Filter>
    <Filter Include="Source Files\Game">
      <UniqueIdentifier>{919291ad-4920-418d-aff4-23b132e172e1}</UniqueIdentifier>
    </Filter>
    <Filter Include="Source Files\Common">
      <UniqueIdentifier>{0abcafc4-f15b-42de-925f-5b23b7ca6a16}</UniqueIdentifier>
    </Filter>
  </ItemGroup>
  <ItemGroup>
    <ClCompile Include="src\camera.cpp">
      <Filter>Source Files\OpenGL</Filter>
    </ClCompile>
    <ClCompile Include="src\openglRenderer.cpp">
      <Filter>Source Files\OpenGL</Filter>
    </ClCompile>
    <ClCompile Include="src\shader.cpp">
      <Filter>Source Files\OpenGL</Filter>
    </ClCompile>
    <ClCompile Include="src\shadingTechnique.cpp">
      <Filter>Source Files\OpenGL</Filter>
    </ClCompile>
    <ClCompile Include="src\technique.cpp">
      <Filter>Source Files\OpenGL</Filter>
    </ClCompile>
    <ClCompile Include="src\gameRenderer.cpp">
      <Filter>Source Files\Game</Filter>
    </ClCompile>
    <ClCompile Include="src\gameShadingTechnique.cpp">
      <Filter>Source Files\Game</Filter>
    </ClCompile>
    <ClCompile Include="src\main.cpp">
      <Filter>Source Files</Filter>
    </ClCompile>
    <ClCompile Include="src\textureUtil.cpp">
      <Filter>Source Files\OpenGL</Filter>
    </ClCompile>
    <ClCompile Include="src\stb_image.cpp">
      <Filter>Source Files\OpenGL</Filter>
    </ClCompile>
    <ClCompile Include="src\meshRenderer.cpp">
      <Filter>Source Files\OpenGL</Filter>
    </ClCompile>
    <ClCompile Include="src\player.cpp">
      <Filter>Source Files\Game</Filter>
    </ClCompile>
    <ClCompile Include="src\mathUtil.cpp">
      <Filter>Source Files\Common</Filter>
    </ClCompile>
  </ItemGroup>
  <ItemGroup>
    <ClInclude Include="src\camera.h">
      <Filter>Source Files\OpenGL</Filter>
    </ClInclude>
    <ClInclude Include="src\openglRenderer.h">
      <Filter>Source Files\OpenGL</Filter>
    </ClInclude>
    <ClInclude Include="src\shader.h">
      <Filter>Source Files\OpenGL</Filter>
    </ClInclude>
    <ClInclude Include="src\shadingTechnique.h">
      <Filter>Source Files\OpenGL</Filter>
    </ClInclude>
    <ClInclude Include="src\technique.h">
      <Filter>Source Files\OpenGL</Filter>
    </ClInclude>
    <ClInclude Include="src\gameRenderer.h">
      <Filter>Source Files\Game</Filter>
    </ClInclude>
    <ClInclude Include="src\gameShadingTechnique.h">
      <Filter>Source Files\Game</Filter>
    </ClInclude>
    <ClInclude Include="src\constants.h">
      <Filter>Source Files\Common</Filter>
    </ClInclude>
    <ClInclude Include="src\textureUtil.h">
      <Filter>Source Files\OpenGL</Filter>
    </ClInclude>
    <ClInclude Include="src\stb_image.h">
      <Filter>Source Files\OpenGL</Filter>
    </ClInclude>
    <ClInclude Include="src\meshRenderer.h">
      <Filter>Source Files\OpenGL</Filter>
    </ClInclude>
    <ClInclude Include="src\common.h">
      <Filter>Source Files\Common</Filter>
    </ClInclude>
    <ClInclude Include="src\player.h">
      <Filter>Source Files\Game</Filter>
    </ClInclude>
    <ClInclude Include="src\mathUtil.h">
      <Filter>Source Files\Common</Filter>
    </ClInclude>
  </ItemGroup>
  <ItemGroup>
    <None Include="res\shaders\renderBarrage_fs.glsl">
      <Filter>Shader Files</Filter>
    </None>
    <None Include="res\shaders\textureCopy_fs.glsl">
      <Filter>Shader Files</Filter>
    </None>
    <None Include="res\shaders\drawQuad_vs.glsl">
      <Filter>Shader Files</Filter>
    </None>
    <None Include="res\shaders\renderPlayer_fs.glsl">
      <Filter>Shader Files</Filter>
    </None>
  </ItemGroup>
</Project>