<?xml version="1.0" encoding="utf-8"?>
<Project ToolsVersion="4.0" xmlns="http://schemas.microsoft.com/developer/msbuild/2003">
  <ItemGroup>
    <Filter Include="Source Files">
      <UniqueIdentifier>{aebcf570-7cc1-4d44-a76b-4d0e162fd3eb}</UniqueIdentifier>
    </Filter>
  </ItemGroup>
  <ItemGroup>
    <ClCompile Include="Source\GLRenderer.cpp">
      <Filter>Source Files</Filter>
    </ClCompile>
  </ItemGroup>
  <ItemGroup>
    <ClInclude Include="Source\GLRenderer.h">
      <Filter>Source Files</Filter>
    </ClInclude>
    <ClInclude Include="Source\GLRendererExport.h">
      <Filter>Source Files</Filter>
    </ClInclude>
  </ItemGroup>
</Project>