<?xml version="1.0" encoding="utf-8"?>
<Project ToolsVersion="4.0" xmlns="http://schemas.microsoft.com/developer/msbuild/2003">
  <ItemGroup>
    <Filter Include="Math">
      <UniqueIdentifier>{d36fe863-86e1-42f8-b41a-6493c1f79423}</UniqueIdentifier>
    </Filter>
  </ItemGroup>
  <ItemGroup>
    <ClCompile Include="Math\Complex.cpp">
      <Filter>Math</Filter>
    </ClCompile>
    <ClCompile Include="Math\FFT.cpp">
      <Filter>Math</Filter>
    </ClCompile>
  </ItemGroup>
  <ItemGroup>
    <ClInclude Include="CommonInterface.h" />
    <ClInclude Include="CommonExport.h" />
    <ClInclude Include="Math\Complex.h">
      <Filter>Math</Filter>
    </ClInclude>
    <ClInclude Include="Math\FFT.h">
      <Filter>Math</Filter>
    </ClInclude>
  </ItemGroup>
</Project>